
Microsoft Visual Studio Solution File, Format Version 12.00
# Visual Studio Version 17
VisualStudioVersion = 17.13.35825.156 d17.13
MinimumVisualStudioVersion = 10.0.40219.1
Project("{FAE04EC0-301F-11D3-BF4B-00C04F79EFBC}") = "Vaja07SKUPNA", "Vaja07SKUPNA\Vaja07SKUPNA.csproj", "{8BC2F502-F795-4DDF-A8AC-84ACF4D7289B}"
EndProject
Global
	GlobalSection(SolutionConfigurationPlatforms) = preSolution
		Debug|Any CPU = Debug|Any CPU
		Release|Any CPU = Release|Any CPU
	EndGlobalSection
	GlobalSection(ProjectConfigurationPlatforms) = postSolution
		{8BC2F502-F795-4DDF-A8AC-84ACF4D7289B}.Debug|Any CPU.ActiveCfg = Debug|Any CPU
		{8BC2F502-F795-4DDF-A8AC-84ACF4D7289B}.Debug|Any CPU.Build.0 = Debug|Any CPU
		{8BC2F502-F795-4DDF-A8AC-84ACF4D7289B}.Release|Any CPU.ActiveCfg = Release|Any CPU
		{8BC2F502-F795-4DDF-A8AC-84ACF4D7289B}.Release|Any CPU.Build.0 = Release|Any CPU
	EndGlobalSection
	GlobalSection(SolutionProperties) = preSolution
		HideSolutionNode = FALSE
	EndGlobalSection
	GlobalSection(ExtensibilityGlobals) = postSolution
		SolutionGuid = {B006F7A8-6150-4AB2-86EA-172D780D3370}
	EndGlobalSection
EndGlobal
